
Microsoft Visual Studio Solution File, Format Version 12.00
# Visual Studio Version 16
VisualStudioVersion = 16.0.29215.179
MinimumVisualStudioVersion = 10.0.40219.1
Project("{FAE04EC0-301F-11D3-BF4B-00C04F79EFBC}") = "SettlementSystem", "SettlementSystem\SettlementSystem.csproj", "{CFF12CC8-8517-4399-A6BC-D38DB115A8DE}"
EndProject
Global
	GlobalSection(SolutionConfigurationPlatforms) = preSolution
		Debug|Any CPU = Debug|Any CPU
		Release|Any CPU = Release|Any CPU
	EndGlobalSection
	GlobalSection(ProjectConfigurationPlatforms) = postSolution
		{CFF12CC8-8517-4399-A6BC-D38DB115A8DE}.Debug|Any CPU.ActiveCfg = Debug|Any CPU
		{CFF12CC8-8517-4399-A6BC-D38DB115A8DE}.Debug|Any CPU.Build.0 = Debug|Any CPU
		{CFF12CC8-8517-4399-A6BC-D38DB115A8DE}.Release|Any CPU.ActiveCfg = Release|Any CPU
		{CFF12CC8-8517-4399-A6BC-D38DB115A8DE}.Release|Any CPU.Build.0 = Release|Any CPU
	EndGlobalSection
	GlobalSection(SolutionProperties) = preSolution
		HideSolutionNode = FALSE
	EndGlobalSection
	GlobalSection(ExtensibilityGlobals) = postSolution
		SolutionGuid = {482E4336-B907-45B3-A10F-F0B4FD67A39B}
	EndGlobalSection
EndGlobal
